---
label: Content Block
hide_body: false
is_partial: true
fields:
- type: text
  hidden: true
  label: block
  name: block
  default: content-block
- type: textarea
  config:
    wysiwyg: true
    schema:
      format: markdown
  label: Content 1
  name: content_1
- type: textarea
  name: content_2
  label: Content 2
  config:
    wysiwyg: true
    schema:
      format: markdown
- type: textarea
  name: content_3
  label: Content 3
  config:
    wysiwyg: true
    schema:
      format: markdown